
Microsoft Visual Studio Solution File, Format Version 12.00
# Visual Studio Version 16
VisualStudioVersion = 16.0.30907.101
MinimumVisualStudioVersion = 10.0.40219.1
Project("{FAE04EC0-301F-11D3-BF4B-00C04F79EFBC}") = "SingletonDBCon", "SingletonDBCon.csproj", "{AD5F642B-4887-4137-A25B-4ACEF8004CFE}"
EndProject
Global
	GlobalSection(SolutionConfigurationPlatforms) = preSolution
		Debug|Any CPU = Debug|Any CPU
		Release|Any CPU = Release|Any CPU
	EndGlobalSection
	GlobalSection(ProjectConfigurationPlatforms) = postSolution
		{AD5F642B-4887-4137-A25B-4ACEF8004CFE}.Debug|Any CPU.ActiveCfg = Debug|Any CPU
		{AD5F642B-4887-4137-A25B-4ACEF8004CFE}.Debug|Any CPU.Build.0 = Debug|Any CPU
		{AD5F642B-4887-4137-A25B-4ACEF8004CFE}.Release|Any CPU.ActiveCfg = Release|Any CPU
		{AD5F642B-4887-4137-A25B-4ACEF8004CFE}.Release|Any CPU.Build.0 = Release|Any CPU
	EndGlobalSection
	GlobalSection(SolutionProperties) = preSolution
		HideSolutionNode = FALSE
	EndGlobalSection
	GlobalSection(ExtensibilityGlobals) = postSolution
		SolutionGuid = {0936EA08-3D68-45D6-B371-DC6F8283D9B9}
	EndGlobalSection
EndGlobal
