
Microsoft Visual Studio Solution File, Format Version 12.00
# Visual Studio Version 16
VisualStudioVersion = 16.0.30907.101
MinimumVisualStudioVersion = 10.0.40219.1
Project("{FAE04EC0-301F-11D3-BF4B-00C04F79EFBC}") = "MediatorChatApp", "MediatorChatApp.csproj", "{1E1A55FA-4886-4BFB-94DC-C369B43B1A6A}"
EndProject
Global
	GlobalSection(SolutionConfigurationPlatforms) = preSolution
		Debug|Any CPU = Debug|Any CPU
		Release|Any CPU = Release|Any CPU
	EndGlobalSection
	GlobalSection(ProjectConfigurationPlatforms) = postSolution
		{1E1A55FA-4886-4BFB-94DC-C369B43B1A6A}.Debug|Any CPU.ActiveCfg = Debug|Any CPU
		{1E1A55FA-4886-4BFB-94DC-C369B43B1A6A}.Debug|Any CPU.Build.0 = Debug|Any CPU
		{1E1A55FA-4886-4BFB-94DC-C369B43B1A6A}.Release|Any CPU.ActiveCfg = Release|Any CPU
		{1E1A55FA-4886-4BFB-94DC-C369B43B1A6A}.Release|Any CPU.Build.0 = Release|Any CPU
	EndGlobalSection
	GlobalSection(SolutionProperties) = preSolution
		HideSolutionNode = FALSE
	EndGlobalSection
	GlobalSection(ExtensibilityGlobals) = postSolution
		SolutionGuid = {FBCE008D-26C5-46DA-AFE6-7EEB33114856}
	EndGlobalSection
EndGlobal
